
Microsoft Visual Studio Solution File, Format Version 12.00
# Visual Studio Version 17
VisualStudioVersion = 17.1.32421.90
MinimumVisualStudioVersion = 10.0.40219.1
Project("{FAE04EC0-301F-11D3-BF4B-00C04F79EFBC}") = "UnnamedContentMod", "src\UnnamedContentMod\UnnamedContentMod.csproj", "{4F20B565-8DAA-493B-A046-AC36049C093C}"
EndProject
Project("{2150E333-8FDC-42A3-9474-1A3956D46DE8}") = "mod", "mod", "{75D26027-9DAB-4364-95A8-0E0B406D3534}"
EndProject
Project("{2150E333-8FDC-42A3-9474-1A3956D46DE8}") = "github", "github", "{F1E8B8A5-33DD-4D45-A02D-13F191D9DB4B}"
	ProjectSection(SolutionItems) = preProject
		.gitignore = .gitignore
		.github\readme.md = .github\readme.md
	EndProjectSection
EndProject
Project("{2150E333-8FDC-42A3-9474-1A3956D46DE8}") = "common", "common", "{DE9EB516-4C9D-4A44-92B0-2A0608D90427}"
	ProjectSection(SolutionItems) = preProject
		src\Mod.targets = src\Mod.targets
		src\Mod.Build.targets = src\Mod.Build.targets
	EndProjectSection
EndProject
Global
	GlobalSection(ProjectConfigurationPlatforms) = postSolution
		{4F20B565-8DAA-493B-A046-AC36049C093C}.|Any CPU.ActiveCfg = |Any CPU
		{4F20B565-8DAA-493B-A046-AC36049C093C}.|Any CPU.Build.0 = |Any CPU
	EndGlobalSection
	GlobalSection(SolutionConfigurationPlatforms) = preSolution
		|Any CPU = |Any CPU
	EndGlobalSection
	GlobalSection(NestedProjects) = preSolution
		{4F20B565-8DAA-493B-A046-AC36049C093C} = {75D26027-9DAB-4364-95A8-0E0B406D3534}
	EndGlobalSection
EndGlobal
